
Microsoft Visual Studio Solution File, Format Version 12.00
# Visual Studio Version 17
VisualStudioVersion = 17.4.33213.308
MinimumVisualStudioVersion = 10.0.40219.1
Project("{FAE04EC0-301F-11D3-BF4B-00C04F79EFBC}") = "Lab_2", "Lab_2\Lab_2.csproj", "{CD4BB5CA-FF0B-424D-832A-16C3B38BD3CD}"
EndProject
Global
	GlobalSection(SolutionConfigurationPlatforms) = preSolution
		Debug|Any CPU = Debug|Any CPU
		Release|Any CPU = Release|Any CPU
	EndGlobalSection
	GlobalSection(ProjectConfigurationPlatforms) = postSolution
		{CD4BB5CA-FF0B-424D-832A-16C3B38BD3CD}.Debug|Any CPU.ActiveCfg = Debug|Any CPU
		{CD4BB5CA-FF0B-424D-832A-16C3B38BD3CD}.Debug|Any CPU.Build.0 = Debug|Any CPU
		{CD4BB5CA-FF0B-424D-832A-16C3B38BD3CD}.Release|Any CPU.ActiveCfg = Release|Any CPU
		{CD4BB5CA-FF0B-424D-832A-16C3B38BD3CD}.Release|Any CPU.Build.0 = Release|Any CPU
	EndGlobalSection
	GlobalSection(SolutionProperties) = preSolution
		HideSolutionNode = FALSE
	EndGlobalSection
	GlobalSection(ExtensibilityGlobals) = postSolution
		SolutionGuid = {6FC49752-5A6F-4182-992A-0F41CC42293B}
	EndGlobalSection
EndGlobal
