
Microsoft Visual Studio Solution File, Format Version 12.00
# Visual Studio Version 17
VisualStudioVersion = 17.5.33424.131
MinimumVisualStudioVersion = 10.0.40219.1
Project("{FAE04EC0-301F-11D3-BF4B-00C04F79EFBC}") = "Lab_4", "Lab_4\Lab_4.csproj", "{CC040142-2116-48E1-8139-16C705764FA8}"
EndProject
Global
	GlobalSection(SolutionConfigurationPlatforms) = preSolution
		Debug|Any CPU = Debug|Any CPU
		Release|Any CPU = Release|Any CPU
	EndGlobalSection
	GlobalSection(ProjectConfigurationPlatforms) = postSolution
		{CC040142-2116-48E1-8139-16C705764FA8}.Debug|Any CPU.ActiveCfg = Debug|Any CPU
		{CC040142-2116-48E1-8139-16C705764FA8}.Debug|Any CPU.Build.0 = Debug|Any CPU
		{CC040142-2116-48E1-8139-16C705764FA8}.Release|Any CPU.ActiveCfg = Release|Any CPU
		{CC040142-2116-48E1-8139-16C705764FA8}.Release|Any CPU.Build.0 = Release|Any CPU
	EndGlobalSection
	GlobalSection(SolutionProperties) = preSolution
		HideSolutionNode = FALSE
	EndGlobalSection
	GlobalSection(ExtensibilityGlobals) = postSolution
		SolutionGuid = {8D25C450-4D46-402D-AADE-D31EE3B5A05C}
	EndGlobalSection
EndGlobal
